
Microsoft Visual Studio Solution File, Format Version 12.00
# Visual Studio 14
VisualStudioVersion = 14.0.25420.1
MinimumVisualStudioVersion = 10.0.40219.1
Project("{F184B08F-C81C-45F6-A57F-5ABD9991F28F}") = "CtsWebService_Payroll", "CtsWebService_Payroll.vbproj", "{6B6C76EC-7102-4022-84EF-5CE33DEA3BA0}"
EndProject
Global
	GlobalSection(SolutionConfigurationPlatforms) = preSolution
		Debug|Any CPU = Debug|Any CPU
		Release|Any CPU = Release|Any CPU
	EndGlobalSection
	GlobalSection(ProjectConfigurationPlatforms) = postSolution
		{6B6C76EC-7102-4022-84EF-5CE33DEA3BA0}.Debug|Any CPU.ActiveCfg = Debug|Any CPU
		{6B6C76EC-7102-4022-84EF-5CE33DEA3BA0}.Debug|Any CPU.Build.0 = Debug|Any CPU
		{6B6C76EC-7102-4022-84EF-5CE33DEA3BA0}.Release|Any CPU.ActiveCfg = Release|Any CPU
		{6B6C76EC-7102-4022-84EF-5CE33DEA3BA0}.Release|Any CPU.Build.0 = Release|Any CPU
	EndGlobalSection
	GlobalSection(SolutionProperties) = preSolution
		HideSolutionNode = FALSE
	EndGlobalSection
	GlobalSection(TeamFoundationVersionControl) = preSolution
		SccNumberOfProjects = 2
		SccEnterpriseProvider = {4CA58AB2-18FA-4F8D-95D4-32DDF27D184C}
		SccTeamFoundationServer = http://rdserver:8080/tfs/ctservjouniehcollection
		SccLocalPath0 = .
		SccProjectUniqueName1 = CtsWebService_Payroll.vbproj
		SccLocalPath1 = .
	EndGlobalSection
EndGlobal
